{
  "name": "hpa-training-console",
  "version": "1.0.0",
  "lockfileVersion": 3,
  "requires": true,
  "packages": {
    "": {
      "name": "hpa-training-console",
      "version": "1.0.0",
      "dependencies": {
        "lucide": "0.468.0"
      },
      "engines": {
        "node": ">=22"
      }
    },
    "node_modules/lucide": {
      "version": "0.468.0",
      "resolved": "https://ms-feed-25.pkgs.visualstudio.com/1es-public/_packaging/npm-public/npm/registry/lucide/-/lucide-0.468.0.tgz",
      "integrity": "sha1-F1dbuzgKvn1OV+MkgmALsOM2vHw=",
      "license": "ISC"
    }
  }
}
